
Microsoft Visual Studio Solution File, Format Version 12.00
# Visual Studio Version 18
VisualStudioVersion = 18.3.11505.172 d18.3
MinimumVisualStudioVersion = 10.0.40219.1
Project("{9A19103F-16F7-4668-BE54-9A1E7A4F7556}") = "Dzaba.Utils", "src\Dzaba.Utils\Dzaba.Utils.csproj", "{819C69CF-02BB-4E5F-8E1C-98A58BAB7A74}"
EndProject
Project("{9A19103F-16F7-4668-BE54-9A1E7A4F7556}") = "Dzaba.Utils.Tests", "src\Dzaba.Utils.Tests\Dzaba.Utils.Tests.csproj", "{B974B710-863D-46CA-AAC2-F5AC86E11971}"
EndProject
Project("{2150E333-8FDC-42A3-9474-1A3956D46DE8}") = "Solution Items", "Solution Items", "{AA7E6952-83CA-47CE-8D47-F654F772DAD6}"
	ProjectSection(SolutionItems) = preProject
		Directory.Packages.props = Directory.Packages.props
		.github\workflows\dotnet.yml = .github\workflows\dotnet.yml
	EndProjectSection
EndProject
Project("{9A19103F-16F7-4668-BE54-9A1E7A4F7556}") = "Dzaba.TestUtils", "src\Dzaba.TestUtils\Dzaba.TestUtils.csproj", "{E4608C0F-0999-4466-8269-D270DF18897B}"
EndProject
Project("{FAE04EC0-301F-11D3-BF4B-00C04F79EFBC}") = "Dzaba.Utils.Configuration", "src\Dzaba.Utils.Configuration\Dzaba.Utils.Configuration.csproj", "{5D0E7A01-B8D3-49DF-BA9F-EC81AAFB3722}"
EndProject
Project("{FAE04EC0-301F-11D3-BF4B-00C04F79EFBC}") = "Dzaba.Utils.Configuration.Tests", "src\Dzaba.Utils.Configuration.Tests\Dzaba.Utils.Configuration.Tests.csproj", "{3BBCE7E1-9E0D-4134-993C-1E2EC493DDE7}"
EndProject
Project("{FAE04EC0-301F-11D3-BF4B-00C04F79EFBC}") = "Dzaba.TestUtils.Tests", "src\Dzaba.TestUtils.Tests\Dzaba.TestUtils.Tests.csproj", "{021D2740-3A49-4D14-AE46-5ABDE7FEE1DC}"
EndProject
Global
	GlobalSection(SolutionConfigurationPlatforms) = preSolution
		Debug|Any CPU = Debug|Any CPU
		Release|Any CPU = Release|Any CPU
	EndGlobalSection
	GlobalSection(ProjectConfigurationPlatforms) = postSolution
		{819C69CF-02BB-4E5F-8E1C-98A58BAB7A74}.Debug|Any CPU.ActiveCfg = Debug|Any CPU
		{819C69CF-02BB-4E5F-8E1C-98A58BAB7A74}.Debug|Any CPU.Build.0 = Debug|Any CPU
		{819C69CF-02BB-4E5F-8E1C-98A58BAB7A74}.Release|Any CPU.ActiveCfg = Release|Any CPU
		{819C69CF-02BB-4E5F-8E1C-98A58BAB7A74}.Release|Any CPU.Build.0 = Release|Any CPU
		{B974B710-863D-46CA-AAC2-F5AC86E11971}.Debug|Any CPU.ActiveCfg = Debug|Any CPU
		{B974B710-863D-46CA-AAC2-F5AC86E11971}.Debug|Any CPU.Build.0 = Debug|Any CPU
		{B974B710-863D-46CA-AAC2-F5AC86E11971}.Release|Any CPU.ActiveCfg = Release|Any CPU
		{B974B710-863D-46CA-AAC2-F5AC86E11971}.Release|Any CPU.Build.0 = Release|Any CPU
		{E4608C0F-0999-4466-8269-D270DF18897B}.Debug|Any CPU.ActiveCfg = Debug|Any CPU
		{E4608C0F-0999-4466-8269-D270DF18897B}.Debug|Any CPU.Build.0 = Debug|Any CPU
		{E4608C0F-0999-4466-8269-D270DF18897B}.Release|Any CPU.ActiveCfg = Release|Any CPU
		{E4608C0F-0999-4466-8269-D270DF18897B}.Release|Any CPU.Build.0 = Release|Any CPU
		{5D0E7A01-B8D3-49DF-BA9F-EC81AAFB3722}.Debug|Any CPU.ActiveCfg = Debug|Any CPU
		{5D0E7A01-B8D3-49DF-BA9F-EC81AAFB3722}.Debug|Any CPU.Build.0 = Debug|Any CPU
		{5D0E7A01-B8D3-49DF-BA9F-EC81AAFB3722}.Release|Any CPU.ActiveCfg = Release|Any CPU
		{5D0E7A01-B8D3-49DF-BA9F-EC81AAFB3722}.Release|Any CPU.Build.0 = Release|Any CPU
		{3BBCE7E1-9E0D-4134-993C-1E2EC493DDE7}.Debug|Any CPU.ActiveCfg = Debug|Any CPU
		{3BBCE7E1-9E0D-4134-993C-1E2EC493DDE7}.Debug|Any CPU.Build.0 = Debug|Any CPU
		{3BBCE7E1-9E0D-4134-993C-1E2EC493DDE7}.Release|Any CPU.ActiveCfg = Release|Any CPU
		{3BBCE7E1-9E0D-4134-993C-1E2EC493DDE7}.Release|Any CPU.Build.0 = Release|Any CPU
		{021D2740-3A49-4D14-AE46-5ABDE7FEE1DC}.Debug|Any CPU.ActiveCfg = Debug|Any CPU
		{021D2740-3A49-4D14-AE46-5ABDE7FEE1DC}.Debug|Any CPU.Build.0 = Debug|Any CPU
		{021D2740-3A49-4D14-AE46-5ABDE7FEE1DC}.Release|Any CPU.ActiveCfg = Release|Any CPU
		{021D2740-3A49-4D14-AE46-5ABDE7FEE1DC}.Release|Any CPU.Build.0 = Release|Any CPU
	EndGlobalSection
	GlobalSection(SolutionProperties) = preSolution
		HideSolutionNode = FALSE
	EndGlobalSection
	GlobalSection(ExtensibilityGlobals) = postSolution
		SolutionGuid = {09D267AB-904E-43D7-8683-DCE79294CED5}
	EndGlobalSection
EndGlobal
