
Microsoft Visual Studio Solution File, Format Version 12.00
# Visual Studio Version 17
VisualStudioVersion = 17.8.34330.188
MinimumVisualStudioVersion = 10.0.40219.1
Project("{FAE04EC0-301F-11D3-BF4B-00C04F79EFBC}") = "Dzaba.Utils", "src\Dzaba.Utils\Dzaba.Utils.csproj", "{819C69CF-02BB-4E5F-8E1C-98A58BAB7A74}"
EndProject
Project("{9A19103F-16F7-4668-BE54-9A1E7A4F7556}") = "Dzaba.Utils.Tests", "src\Dzaba.Utils.Tests\Dzaba.Utils.Tests.csproj", "{B974B710-863D-46CA-AAC2-F5AC86E11971}"
EndProject
Global
	GlobalSection(SolutionConfigurationPlatforms) = preSolution
		Debug|Any CPU = Debug|Any CPU
		Release|Any CPU = Release|Any CPU
	EndGlobalSection
	GlobalSection(ProjectConfigurationPlatforms) = postSolution
		{819C69CF-02BB-4E5F-8E1C-98A58BAB7A74}.Debug|Any CPU.ActiveCfg = Debug|Any CPU
		{819C69CF-02BB-4E5F-8E1C-98A58BAB7A74}.Debug|Any CPU.Build.0 = Debug|Any CPU
		{819C69CF-02BB-4E5F-8E1C-98A58BAB7A74}.Release|Any CPU.ActiveCfg = Release|Any CPU
		{819C69CF-02BB-4E5F-8E1C-98A58BAB7A74}.Release|Any CPU.Build.0 = Release|Any CPU
		{B974B710-863D-46CA-AAC2-F5AC86E11971}.Debug|Any CPU.ActiveCfg = Debug|Any CPU
		{B974B710-863D-46CA-AAC2-F5AC86E11971}.Debug|Any CPU.Build.0 = Debug|Any CPU
		{B974B710-863D-46CA-AAC2-F5AC86E11971}.Release|Any CPU.ActiveCfg = Release|Any CPU
		{B974B710-863D-46CA-AAC2-F5AC86E11971}.Release|Any CPU.Build.0 = Release|Any CPU
	EndGlobalSection
	GlobalSection(SolutionProperties) = preSolution
		HideSolutionNode = FALSE
	EndGlobalSection
	GlobalSection(ExtensibilityGlobals) = postSolution
		SolutionGuid = {09D267AB-904E-43D7-8683-DCE79294CED5}
	EndGlobalSection
EndGlobal
